// !$*UTF8*$!
{
	archiveVersion = 1;
	classes = {
	};
	objectVersion = 50;
	objects = {

/* Begin PBXBuildFile section */
		00984EE520FC05A800BA7E04 /* AppDelegate.swift in Sources */ = {isa = PBXBuildFile; fileRef = 00984EE420FC05A800BA7E04 /* AppDelegate.swift */; };
		00984EEA20FC05A800BA7E04 /* Main.storyboard in Resources */ = {isa = PBXBuildFile; fileRef = 00984EE820FC05A800BA7E04 /* Main.storyboard */; };
		00984EEC20FC05BD00BA7E04 /* Assets.xcassets in Resources */ = {isa = PBXBuildFile; fileRef = 00984EEB20FC05BD00BA7E04 /* Assets.xcassets */; };
		00984EEF20FC05BD00BA7E04 /* LaunchScreen.storyboard in Resources */ = {isa = PBXBuildFile; fileRef = 00984EED20FC05BD00BA7E04 /* LaunchScreen.storyboard */; };
		00984EF720FC12F700BA7E04 /* GoogleService-Info.plist in Resources */ = {isa = PBXBuildFile; fileRef = 00984EF620FC12F700BA7E04 /* GoogleService-Info.plist */; };
		00984EFA20FC23B400BA7E04 /* HomeViewController.swift in Sources */ = {isa = PBXBuildFile; fileRef = 00984EF920FC23B400BA7E04 /* HomeViewController.swift */; };
		00984EFD20FC245D00BA7E04 /* ImageHelper.swift in Sources */ = {isa = PBXBuildFile; fileRef = 00984EFC20FC245D00BA7E04 /* ImageHelper.swift */; };
		00984F0020FC6B4500BA7E04 /* CardView.swift in Sources */ = {isa = PBXBuildFile; fileRef = 00984EFF20FC6B4500BA7E04 /* CardView.swift */; };
		00984F0220FC6B7200BA7E04 /* Protocols.swift in Sources */ = {isa = PBXBuildFile; fileRef = 00984F0120FC6B7200BA7E04 /* Protocols.swift */; };
		00A5D31E20FD74C000206D87 /* LoginViewController.swift in Sources */ = {isa = PBXBuildFile; fileRef = 00A5D31D20FD74C000206D87 /* LoginViewController.swift */; };
		00A5D32020FD91A300206D87 /* ProfileViewController.swift in Sources */ = {isa = PBXBuildFile; fileRef = 00A5D31F20FD91A300206D87 /* ProfileViewController.swift */; };
		00A5D32320FD990300206D87 /* UIViewExt.swift in Sources */ = {isa = PBXBuildFile; fileRef = 00A5D32220FD990300206D87 /* UIViewExt.swift */; };
		00A5D32620FDA4E900206D87 /* DatabaseService.swift in Sources */ = {isa = PBXBuildFile; fileRef = 00A5D32520FDA4E900206D87 /* DatabaseService.swift */; };
		00A5D32820FDDAF300206D87 /* Switcher.swift in Sources */ = {isa = PBXBuildFile; fileRef = 00A5D32720FDDAF300206D87 /* Switcher.swift */; };
		00A5D32B20FDEA0800206D87 /* UserModel.swift in Sources */ = {isa = PBXBuildFile; fileRef = 00A5D32A20FDEA0800206D87 /* UserModel.swift */; };
		6808D7A2C671CE47C8A3894F /* Pods_TinderUlima.framework in Frameworks */ = {isa = PBXBuildFile; fileRef = D19CD7BB12E1453C85DBA964 /* Pods_TinderUlima.framework */; };
/* End PBXBuildFile section */

/* Begin PBXFileReference section */
		00984EE120FC05A800BA7E04 /* TinderUlima.app */ = {isa = PBXFileReference; explicitFileType = wrapper.application; includeInIndex = 0; path = TinderUlima.app; sourceTree = BUILT_PRODUCTS_DIR; };
		00984EE420FC05A800BA7E04 /* AppDelegate.swift */ = {isa = PBXFileReference; lastKnownFileType = sourcecode.swift; path = AppDelegate.swift; sourceTree = "<group>"; };
		00984EE920FC05A800BA7E04 /* Base */ = {isa = PBXFileReference; lastKnownFileType = file.storyboard; name = Base; path = Base.lproj/Main.storyboard; sourceTree = "<group>"; };
		00984EEB20FC05BD00BA7E04 /* Assets.xcassets */ = {isa = PBXFileReference; lastKnownFileType = folder.assetcatalog; path = Assets.xcassets; sourceTree = "<group>"; };
		00984EEE20FC05BD00BA7E04 /* Base */ = {isa = PBXFileReference; lastKnownFileType = file.storyboard; name = Base; path = Base.lproj/LaunchScreen.storyboard; sourceTree = "<group>"; };
		00984EF020FC05BD00BA7E04 /* Info.plist */ = {isa = PBXFileReference; lastKnownFileType = text.plist.xml; path = Info.plist; sourceTree = "<group>"; };
		00984EF620FC12F700BA7E04 /* GoogleService-Info.plist */ = {isa = PBXFileReference; fileEncoding = 4; lastKnownFileType = text.plist.xml; path = "GoogleService-Info.plist"; sourceTree = "<group>"; };
		00984EF920FC23B400BA7E04 /* HomeViewController.swift */ = {isa = PBXFileReference; lastKnownFileType = sourcecode.swift; path = HomeViewController.swift; sourceTree = "<group>"; };
		00984EFC20FC245D00BA7E04 /* ImageHelper.swift */ = {isa = PBXFileReference; lastKnownFileType = sourcecode.swift; path = ImageHelper.swift; sourceTree = "<group>"; };
		00984EFF20FC6B4500BA7E04 /* CardView.swift */ = {isa = PBXFileReference; lastKnownFileType = sourcecode.swift; path = CardView.swift; sourceTree = "<group>"; };
		00984F0120FC6B7200BA7E04 /* Protocols.swift */ = {isa = PBXFileReference; lastKnownFileType = sourcecode.swift; path = Protocols.swift; sourceTree = "<group>"; };
		00A5D31D20FD74C000206D87 /* LoginViewController.swift */ = {isa = PBXFileReference; lastKnownFileType = sourcecode.swift; path = LoginViewController.swift; sourceTree = "<group>"; };
		00A5D31F20FD91A300206D87 /* ProfileViewController.swift */ = {isa = PBXFileReference; lastKnownFileType = sourcecode.swift; path = ProfileViewController.swift; sourceTree = "<group>"; };
		00A5D32220FD990300206D87 /* UIViewExt.swift */ = {isa = PBXFileReference; lastKnownFileType = sourcecode.swift; path = UIViewExt.swift; sourceTree = "<group>"; };
		00A5D32520FDA4E900206D87 /* DatabaseService.swift */ = {isa = PBXFileReference; lastKnownFileType = sourcecode.swift; path = DatabaseService.swift; sourceTree = "<group>"; };
		00A5D32720FDDAF300206D87 /* Switcher.swift */ = {isa = PBXFileReference; lastKnownFileType = sourcecode.swift; path = Switcher.swift; sourceTree = "<group>"; };
		00A5D32A20FDEA0800206D87 /* UserModel.swift */ = {isa = PBXFileReference; lastKnownFileType = sourcecode.swift; path = UserModel.swift; sourceTree = "<group>"; };
		0E3AF1C8F646B2502A5F2B9D /* Pods-TinderUlima.debug.xcconfig */ = {isa = PBXFileReference; includeInIndex = 1; lastKnownFileType = text.xcconfig; name = "Pods-TinderUlima.debug.xcconfig"; path = "Pods/Target Support Files/Pods-TinderUlima/Pods-TinderUlima.debug.xcconfig"; sourceTree = "<group>"; };
		45E5200274595885C98E65D8 /* Pods-TinderUlima.release.xcconfig */ = {isa = PBXFileReference; includeInIndex = 1; lastKnownFileType = text.xcconfig; name = "Pods-TinderUlima.release.xcconfig"; path = "Pods/Target Support Files/Pods-TinderUlima/Pods-TinderUlima.release.xcconfig"; sourceTree = "<group>"; };
		D19CD7BB12E1453C85DBA964 /* Pods_TinderUlima.framework */ = {isa = PBXFileReference; explicitFileType = wrapper.framework; includeInIndex = 0; path = Pods_TinderUlima.framework; sourceTree = BUILT_PRODUCTS_DIR; };
/* End PBXFileReference section */

/* Begin PBXFrameworksBuildPhase section */
		00984EDE20FC05A800BA7E04 /* Frameworks */ = {
			isa = PBXFrameworksBuildPhase;
			buildActionMask = 2147483647;
			files = (
				6808D7A2C671CE47C8A3894F /* Pods_TinderUlima.framework in Frameworks */,
			);
			runOnlyForDeploymentPostprocessing = 0;
		};
/* End PBXFrameworksBuildPhase section */

/* Begin PBXGroup section */
		00984ED820FC05A700BA7E04 = {
			isa = PBXGroup;
			children = (
				00984EE320FC05A800BA7E04 /* TinderUlima */,
				00984EE220FC05A800BA7E04 /* Products */,
				C18959F84E5CB1A195CF895A /* Pods */,
				845CC42A4CAC54D79DE5EFF5 /* Frameworks */,
			);
			sourceTree = "<group>";
		};
		00984EE220FC05A800BA7E04 /* Products */ = {
			isa = PBXGroup;
			children = (
				00984EE120FC05A800BA7E04 /* TinderUlima.app */,
			);
			name = Products;
			sourceTree = "<group>";
		};
		00984EE320FC05A800BA7E04 /* TinderUlima */ = {
			isa = PBXGroup;
			children = (
				00A5D32920FDE9F400206D87 /* Models */,
				00A5D32420FDA4CF00206D87 /* Services */,
				00A5D32120FD98E400206D87 /* Extensions */,
				00984EFE20FC6B1E00BA7E04 /* Views */,
				00984EFB20FC244B00BA7E04 /* Helpers */,
				00984EF820FC235700BA7E04 /* Controllers */,
				00984EF620FC12F700BA7E04 /* GoogleService-Info.plist */,
				00984EE420FC05A800BA7E04 /* AppDelegate.swift */,
				00984EE820FC05A800BA7E04 /* Main.storyboard */,
				00984EEB20FC05BD00BA7E04 /* Assets.xcassets */,
				00984EED20FC05BD00BA7E04 /* LaunchScreen.storyboard */,
				00984EF020FC05BD00BA7E04 /* Info.plist */,
			);
			path = TinderUlima;
			sourceTree = "<group>";
		};
		00984EF820FC235700BA7E04 /* Controllers */ = {
			isa = PBXGroup;
			children = (
				00984EF920FC23B400BA7E04 /* HomeViewController.swift */,
				00A5D31D20FD74C000206D87 /* LoginViewController.swift */,
				00A5D31F20FD91A300206D87 /* ProfileViewController.swift */,
			);
			path = Controllers;
			sourceTree = "<group>";
		};
		00984EFB20FC244B00BA7E04 /* Helpers */ = {
			isa = PBXGroup;
			children = (
				00984EFC20FC245D00BA7E04 /* ImageHelper.swift */,
				00984F0120FC6B7200BA7E04 /* Protocols.swift */,
				00A5D32720FDDAF300206D87 /* Switcher.swift */,
			);
			path = Helpers;
			sourceTree = "<group>";
		};
		00984EFE20FC6B1E00BA7E04 /* Views */ = {
			isa = PBXGroup;
			children = (
				00984EFF20FC6B4500BA7E04 /* CardView.swift */,
			);
			path = Views;
			sourceTree = "<group>";
		};
		00A5D32120FD98E400206D87 /* Extensions */ = {
			isa = PBXGroup;
			children = (
				00A5D32220FD990300206D87 /* UIViewExt.swift */,
			);
			path = Extensions;
			sourceTree = "<group>";
		};
		00A5D32420FDA4CF00206D87 /* Services */ = {
			isa = PBXGroup;
			children = (
				00A5D32520FDA4E900206D87 /* DatabaseService.swift */,
			);
			path = Services;
			sourceTree = "<group>";
		};
		00A5D32920FDE9F400206D87 /* Models */ = {
			isa = PBXGroup;
			children = (
				00A5D32A20FDEA0800206D87 /* UserModel.swift */,
			);
			path = Models;
			sourceTree = "<group>";
		};
		845CC42A4CAC54D79DE5EFF5 /* Frameworks */ = {
			isa = PBXGroup;
			children = (
				D19CD7BB12E1453C85DBA964 /* Pods_TinderUlima.framework */,
			);
			name = Frameworks;
			sourceTree = "<group>";
		};
		C18959F84E5CB1A195CF895A /* Pods */ = {
			isa = PBXGroup;
			children = (
				0E3AF1C8F646B2502A5F2B9D /* Pods-TinderUlima.debug.xcconfig */,
				45E5200274595885C98E65D8 /* Pods-TinderUlima.release.xcconfig */,
			);
			name = Pods;
			sourceTree = "<group>";
		};
/* End PBXGroup section */

/* Begin PBXNativeTarget section */
		00984EE020FC05A800BA7E04 /* TinderUlima */ = {
			isa = PBXNativeTarget;
			buildConfigurationList = 00984EF320FC05BD00BA7E04 /* Build configuration list for PBXNativeTarget "TinderUlima" */;
			buildPhases = (
				9686440EE00C4B20FF30941D /* [CP] Check Pods Manifest.lock */,
				00984EDD20FC05A800BA7E04 /* Sources */,
				00984EDE20FC05A800BA7E04 /* Frameworks */,
				00984EDF20FC05A800BA7E04 /* Resources */,
				9549397164BC9745668A586D /* [CP] Embed Pods Frameworks */,
			);
			buildRules = (
			);
			dependencies = (
			);
			name = TinderUlima;
			productName = TinderUlima;
			productReference = 00984EE120FC05A800BA7E04 /* TinderUlima.app */;
			productType = "com.apple.product-type.application";
		};
/* End PBXNativeTarget section */

/* Begin PBXProject section */
		00984ED920FC05A700BA7E04 /* Project object */ = {
			isa = PBXProject;
			attributes = {
				LastSwiftUpdateCheck = 0940;
				LastUpgradeCheck = 0940;
				ORGANIZATIONNAME = "Eros Campos";
				TargetAttributes = {
					00984EE020FC05A800BA7E04 = {
						CreatedOnToolsVersion = 9.4.1;
					};
				};
			};
			buildConfigurationList = 00984EDC20FC05A700BA7E04 /* Build configuration list for PBXProject "TinderUlima" */;
			compatibilityVersion = "Xcode 9.3";
			developmentRegion = en;
			hasScannedForEncodings = 0;
			knownRegions = (
				en,
				Base,
			);
			mainGroup = 00984ED820FC05A700BA7E04;
			productRefGroup = 00984EE220FC05A800BA7E04 /* Products */;
			projectDirPath = "";
			projectRoot = "";
			targets = (
				00984EE020FC05A800BA7E04 /* TinderUlima */,
			);
		};
/* End PBXProject section */

/* Begin PBXResourcesBuildPhase section */
		00984EDF20FC05A800BA7E04 /* Resources */ = {
			isa = PBXResourcesBuildPhase;
			buildActionMask = 2147483647;
			files = (
				00984EEF20FC05BD00BA7E04 /* LaunchScreen.storyboard in Resources */,
				00984EF720FC12F700BA7E04 /* GoogleService-Info.plist in Resources */,
				00984EEC20FC05BD00BA7E04 /* Assets.xcassets in Resources */,
				00984EEA20FC05A800BA7E04 /* Main.storyboard in Resources */,
			);
			runOnlyForDeploymentPostprocessing = 0;
		};
/* End PBXResourcesBuildPhase section */

/* Begin PBXShellScriptBuildPhase section */
		9549397164BC9745668A586D /* [CP] Embed Pods Frameworks */ = {
			isa = PBXShellScriptBuildPhase;
			buildActionMask = 2147483647;
			files = (
			);
			inputPaths = (
				"${SRCROOT}/Pods/Target Support Files/Pods-TinderUlima/Pods-TinderUlima-frameworks.sh",
				"${BUILT_PRODUCTS_DIR}/GTMSessionFetcher/GTMSessionFetcher.framework",
				"${BUILT_PRODUCTS_DIR}/GoogleToolboxForMac/GoogleToolboxForMac.framework",
				"${BUILT_PRODUCTS_DIR}/RevealingSplashView/RevealingSplashView.framework",
				"${BUILT_PRODUCTS_DIR}/SDWebImage/SDWebImage.framework",
				"${BUILT_PRODUCTS_DIR}/leveldb-library/leveldb.framework",
				"${BUILT_PRODUCTS_DIR}/nanopb/nanopb.framework",
			);
			name = "[CP] Embed Pods Frameworks";
			outputPaths = (
				"${TARGET_BUILD_DIR}/${FRAMEWORKS_FOLDER_PATH}/GTMSessionFetcher.framework",
				"${TARGET_BUILD_DIR}/${FRAMEWORKS_FOLDER_PATH}/GoogleToolboxForMac.framework",
				"${TARGET_BUILD_DIR}/${FRAMEWORKS_FOLDER_PATH}/RevealingSplashView.framework",
				"${TARGET_BUILD_DIR}/${FRAMEWORKS_FOLDER_PATH}/SDWebImage.framework",
				"${TARGET_BUILD_DIR}/${FRAMEWORKS_FOLDER_PATH}/leveldb.framework",
				"${TARGET_BUILD_DIR}/${FRAMEWORKS_FOLDER_PATH}/nanopb.framework",
			);
			runOnlyForDeploymentPostprocessing = 0;
			shellPath = /bin/sh;
			shellScript = "\"${SRCROOT}/Pods/Target Support Files/Pods-TinderUlima/Pods-TinderUlima-frameworks.sh\"\n";
			showEnvVarsInLog = 0;
		};
		9686440EE00C4B20FF30941D /* [CP] Check Pods Manifest.lock */ = {
			isa = PBXShellScriptBuildPhase;
			buildActionMask = 2147483647;
			files = (
			);
			inputPaths = (
				"${PODS_PODFILE_DIR_PATH}/Podfile.lock",
				"${PODS_ROOT}/Manifest.lock",
			);
			name = "[CP] Check Pods Manifest.lock";
			outputPaths = (
				"$(DERIVED_FILE_DIR)/Pods-TinderUlima-checkManifestLockResult.txt",
			);
			runOnlyForDeploymentPostprocessing = 0;
			shellPath = /bin/sh;
			shellScript = "diff \"${PODS_PODFILE_DIR_PATH}/Podfile.lock\" \"${PODS_ROOT}/Manifest.lock\" > /dev/null\nif [ $? != 0 ] ; then\n    # print error to STDERR\n    echo \"error: The sandbox is not in sync with the Podfile.lock. Run 'pod install' or update your CocoaPods installation.\" >&2\n    exit 1\nfi\n# This output is used by Xcode 'outputs' to avoid re-running this script phase.\necho \"SUCCESS\" > \"${SCRIPT_OUTPUT_FILE_0}\"\n";
			showEnvVarsInLog = 0;
		};
/* End PBXShellScriptBuildPhase section */

/* Begin PBXSourcesBuildPhase section */
		00984EDD20FC05A800BA7E04 /* Sources */ = {
			isa = PBXSourcesBuildPhase;
			buildActionMask = 2147483647;
			files = (
				00A5D32820FDDAF300206D87 /* Switcher.swift in Sources */,
				00A5D32620FDA4E900206D87 /* DatabaseService.swift in Sources */,
				00A5D31E20FD74C000206D87 /* LoginViewController.swift in Sources */,
				00984F0220FC6B7200BA7E04 /* Protocols.swift in Sources */,
				00984EE520FC05A800BA7E04 /* AppDelegate.swift in Sources */,
				00984EFD20FC245D00BA7E04 /* ImageHelper.swift in Sources */,
				00A5D32320FD990300206D87 /* UIViewExt.swift in Sources */,
				00A5D32020FD91A300206D87 /* ProfileViewController.swift in Sources */,
				00984F0020FC6B4500BA7E04 /* CardView.swift in Sources */,
				00984EFA20FC23B400BA7E04 /* HomeViewController.swift in Sources */,
				00A5D32B20FDEA0800206D87 /* UserModel.swift in Sources */,
			);
			runOnlyForDeploymentPostprocessing = 0;
		};
/* End PBXSourcesBuildPhase section */

/* Begin PBXVariantGroup section */
		00984EE820FC05A800BA7E04 /* Main.storyboard */ = {
			isa = PBXVariantGroup;
			children = (
				00984EE920FC05A800BA7E04 /* Base */,
			);
			name = Main.storyboard;
			sourceTree = "<group>";
		};
		00984EED20FC05BD00BA7E04 /* LaunchScreen.storyboard */ = {
			isa = PBXVariantGroup;
			children = (
				00984EEE20FC05BD00BA7E04 /* Base */,
			);
			name = LaunchScreen.storyboard;
			sourceTree = "<group>";
		};
/* End PBXVariantGroup section */

/* Begin XCBuildConfiguration section */
		00984EF120FC05BD00BA7E04 /* Debug */ = {
			isa = XCBuildConfiguration;
			buildSettings = {
				ALWAYS_SEARCH_USER_PATHS = NO;
				CLANG_ANALYZER_NONNULL = YES;
				CLANG_ANALYZER_NUMBER_OBJECT_CONVERSION = YES_AGGRESSIVE;
				CLANG_CXX_LANGUAGE_STANDARD = "gnu++14";
				CLANG_CXX_LIBRARY = "libc++";
				CLANG_ENABLE_MODULES = YES;
				CLANG_ENABLE_OBJC_ARC = YES;
				CLANG_ENABLE_OBJC_WEAK = YES;
				CLANG_WARN_BLOCK_CAPTURE_AUTORELEASING = YES;
				CLANG_WARN_BOOL_CONVERSION = YES;
				CLANG_WARN_COMMA = YES;
				CLANG_WARN_CONSTANT_CONVERSION = YES;
				CLANG_WARN_DEPRECATED_OBJC_IMPLEMENTATIONS = YES;
				CLANG_WARN_DIRECT_OBJC_ISA_USAGE = YES_ERROR;
				CLANG_WARN_DOCUMENTATION_COMMENTS = YES;
				CLANG_WARN_EMPTY_BODY = YES;
				CLANG_WARN_ENUM_CONVERSION = YES;
				CLANG_WARN_INFINITE_RECURSION = YES;
				CLANG_WARN_INT_CONVERSION = YES;
				CLANG_WARN_NON_LITERAL_NULL_CONVERSION = YES;
				CLANG_WARN_OBJC_IMPLICIT_RETAIN_SELF = YES;
				CLANG_WARN_OBJC_LITERAL_CONVERSION = YES;
				CLANG_WARN_OBJC_ROOT_CLASS = YES_ERROR;
				CLANG_WARN_RANGE_LOOP_ANALYSIS = YES;
				CLANG_WARN_STRICT_PROTOTYPES = YES;
				CLANG_WARN_SUSPICIOUS_MOVE = YES;
				CLANG_WARN_UNGUARDED_AVAILABILITY = YES_AGGRESSIVE;
				CLANG_WARN_UNREACHABLE_CODE = YES;
				CLANG_WARN__DUPLICATE_METHOD_MATCH = YES;
				CODE_SIGN_IDENTITY = "iPhone Developer";
				COPY_PHASE_STRIP = NO;
				DEBUG_INFORMATION_FORMAT = dwarf;
				ENABLE_STRICT_OBJC_MSGSEND = YES;
				ENABLE_TESTABILITY = YES;
				GCC_C_LANGUAGE_STANDARD = gnu11;
				GCC_DYNAMIC_NO_PIC = NO;
				GCC_NO_COMMON_BLOCKS = YES;
				GCC_OPTIMIZATION_LEVEL = 0;
				GCC_PREPROCESSOR_DEFINITIONS = (
					"DEBUG=1",
					"$(inherited)",
				);
				GCC_WARN_64_TO_32_BIT_CONVERSION = YES;
				GCC_WARN_ABOUT_RETURN_TYPE = YES_ERROR;
				GCC_WARN_UNDECLARED_SELECTOR = YES;
				GCC_WARN_UNINITIALIZED_AUTOS = YES_AGGRESSIVE;
				GCC_WARN_UNUSED_FUNCTION = YES;
				GCC_WARN_UNUSED_VARIABLE = YES;
				IPHONEOS_DEPLOYMENT_TARGET = 11.4;
				MTL_ENABLE_DEBUG_INFO = YES;
				ONLY_ACTIVE_ARCH = YES;
				SDKROOT = iphoneos;
				SWIFT_ACTIVE_COMPILATION_CONDITIONS = DEBUG;
				SWIFT_OPTIMIZATION_LEVEL = "-Onone";
			};
			name = Debug;
		};
		00984EF220FC05BD00BA7E04 /* Release */ = {
			isa = XCBuildConfiguration;
			buildSettings = {
				ALWAYS_SEARCH_USER_PATHS = NO;
				CLANG_ANALYZER_NONNULL = YES;
				CLANG_ANALYZER_NUMBER_OBJECT_CONVERSION = YES_AGGRESSIVE;
				CLANG_CXX_LANGUAGE_STANDARD = "gnu++14";
				CLANG_CXX_LIBRARY = "libc++";
				CLANG_ENABLE_MODULES = YES;
				CLANG_ENABLE_OBJC_ARC = YES;
				CLANG_ENABLE_OBJC_WEAK = YES;
				CLANG_WARN_BLOCK_CAPTURE_AUTORELEASING = YES;
				CLANG_WARN_BOOL_CONVERSION = YES;
				CLANG_WARN_COMMA = YES;
				CLANG_WARN_CONSTANT_CONVERSION = YES;
				CLANG_WARN_DEPRECATED_OBJC_IMPLEMENTATIONS = YES;
				CLANG_WARN_DIRECT_OBJC_ISA_USAGE = YES_ERROR;
				CLANG_WARN_DOCUMENTATION_COMMENTS = YES;
				CLANG_WARN_EMPTY_BODY = YES;
				CLANG_WARN_ENUM_CONVERSION = YES;
				CLANG_WARN_INFINITE_RECURSION = YES;
				CLANG_WARN_INT_CONVERSION = YES;
				CLANG_WARN_NON_LITERAL_NULL_CONVERSION = YES;
				CLANG_WARN_OBJC_IMPLICIT_RETAIN_SELF = YES;
				CLANG_WARN_OBJC_LITERAL_CONVERSION = YES;
				CLANG_WARN_OBJC_ROOT_CLASS = YES_ERROR;
				CLANG_WARN_RANGE_LOOP_ANALYSIS = YES;
				CLANG_WARN_STRICT_PROTOTYPES = YES;
				CLANG_WARN_SUSPICIOUS_MOVE = YES;
				CLANG_WARN_UNGUARDED_AVAILABILITY = YES_AGGRESSIVE;
				CLANG_WARN_UNREACHABLE_CODE = YES;
				CLANG_WARN__DUPLICATE_METHOD_MATCH = YES;
				CODE_SIGN_IDENTITY = "iPhone Developer";
				COPY_PHASE_STRIP = NO;
				DEBUG_INFORMATION_FORMAT = "dwarf-with-dsym";
				ENABLE_NS_ASSERTIONS = NO;
				ENABLE_STRICT_OBJC_MSGSEND = YES;
				GCC_C_LANGUAGE_STANDARD = gnu11;
				GCC_NO_COMMON_BLOCKS = YES;
				GCC_WARN_64_TO_32_BIT_CONVERSION = YES;
				GCC_WARN_ABOUT_RETURN_TYPE = YES_ERROR;
				GCC_WARN_UNDECLARED_SELECTOR = YES;
				GCC_WARN_UNINITIALIZED_AUTOS = YES_AGGRESSIVE;
				GCC_WARN_UNUSED_FUNCTION = YES;
				GCC_WARN_UNUSED_VARIABLE = YES;
				IPHONEOS_DEPLOYMENT_TARGET = 11.4;
				MTL_ENABLE_DEBUG_INFO = NO;
				SDKROOT = iphoneos;
				SWIFT_COMPILATION_MODE = wholemodule;
				SWIFT_OPTIMIZATION_LEVEL = "-O";
				VALIDATE_PRODUCT = YES;
			};
			name = Release;
		};
		00984EF420FC05BD00BA7E04 /* Debug */ = {
			isa = XCBuildConfiguration;
			baseConfigurationReference = 0E3AF1C8F646B2502A5F2B9D /* Pods-TinderUlima.debug.xcconfig */;
			buildSettings = {
				ASSETCATALOG_COMPILER_APPICON_NAME = AppIcon;
				CODE_SIGN_STYLE = Automatic;
				DEVELOPMENT_TEAM = QCHYTX64J7;
				INFOPLIST_FILE = TinderUlima/Info.plist;
				LD_RUNPATH_SEARCH_PATHS = (
					"$(inherited)",
					"@executable_path/Frameworks",
				);
				PRODUCT_BUNDLE_IDENTIFIER = com.apple.ulima.TinderUlima;
				PRODUCT_NAME = "$(TARGET_NAME)";
				SWIFT_VERSION = 4.0;
				TARGETED_DEVICE_FAMILY = 1;
			};
			name = Debug;
		};
		00984EF520FC05BD00BA7E04 /* Release */ = {
			isa = XCBuildConfiguration;
			baseConfigurationReference = 45E5200274595885C98E65D8 /* Pods-TinderUlima.release.xcconfig */;
			buildSettings = {
				ASSETCATALOG_COMPILER_APPICON_NAME = AppIcon;
				CODE_SIGN_STYLE = Automatic;
				DEVELOPMENT_TEAM = QCHYTX64J7;
				INFOPLIST_FILE = TinderUlima/Info.plist;
				LD_RUNPATH_SEARCH_PATHS = (
					"$(inherited)",
					"@executable_path/Frameworks",
				);
				PRODUCT_BUNDLE_IDENTIFIER = com.apple.ulima.TinderUlima;
				PRODUCT_NAME = "$(TARGET_NAME)";
				SWIFT_VERSION = 4.0;
				TARGETED_DEVICE_FAMILY = 1;
			};
			name = Release;
		};
/* End XCBuildConfiguration section */

/* Begin XCConfigurationList section */
		00984EDC20FC05A700BA7E04 /* Build configuration list for PBXProject "TinderUlima" */ = {
			isa = XCConfigurationList;
			buildConfigurations = (
				00984EF120FC05BD00BA7E04 /* Debug */,
				00984EF220FC05BD00BA7E04 /* Release */,
			);
			defaultConfigurationIsVisible = 0;
			defaultConfigurationName = Release;
		};
		00984EF320FC05BD00BA7E04 /* Build configuration list for PBXNativeTarget "TinderUlima" */ = {
			isa = XCConfigurationList;
			buildConfigurations = (
				00984EF420FC05BD00BA7E04 /* Debug */,
				00984EF520FC05BD00BA7E04 /* Release */,
			);
			defaultConfigurationIsVisible = 0;
			defaultConfigurationName = Release;
		};
/* End XCConfigurationList section */
	};
	rootObject = 00984ED920FC05A700BA7E04 /* Project object */;
}
